
Microsoft Visual Studio Solution File, Format Version 12.00
# Visual Studio Version 16
VisualStudioVersion = 16.0.29503.13
MinimumVisualStudioVersion = 10.0.40219.1
Project("{FAE04EC0-301F-11D3-BF4B-00C04F79EFBC}") = "UserValidation", "UserValidation\UserValidation\UserValidation.csproj", "{2D7AC248-6DEC-42D3-8B52-62FB84B83500}"
EndProject
Project("{FAE04EC0-301F-11D3-BF4B-00C04F79EFBC}") = "UserValidation.Android", "UserValidation\UserValidation.Android\UserValidation.Android.csproj", "{6BB4C7D8-0ABE-4720-8115-49EF83F583B3}"
EndProject
Project("{FAE04EC0-301F-11D3-BF4B-00C04F79EFBC}") = "UserValidation.iOS", "UserValidation\UserValidation.iOS\UserValidation.iOS.csproj", "{AC2D29FC-CCBA-4413-904E-3447B22C201A}"
EndProject
Project("{FAE04EC0-301F-11D3-BF4B-00C04F79EFBC}") = "UserValidation.UWP", "UserValidation\UserValidation.UWP\UserValidation.UWP.csproj", "{29E3AE25-3FB6-48E4-9669-81B6DC8C2225}"
EndProject
Global
	GlobalSection(SolutionConfigurationPlatforms) = preSolution
		Ad-Hoc|Any CPU = Ad-Hoc|Any CPU
		Ad-Hoc|ARM = Ad-Hoc|ARM
		Ad-Hoc|iPhone = Ad-Hoc|iPhone
		Ad-Hoc|iPhoneSimulator = Ad-Hoc|iPhoneSimulator
		Ad-Hoc|x64 = Ad-Hoc|x64
		Ad-Hoc|x86 = Ad-Hoc|x86
		AppStore|Any CPU = AppStore|Any CPU
		AppStore|ARM = AppStore|ARM
		AppStore|iPhone = AppStore|iPhone
		AppStore|iPhoneSimulator = AppStore|iPhoneSimulator
		AppStore|x64 = AppStore|x64
		AppStore|x86 = AppStore|x86
		Debug|Any CPU = Debug|Any CPU
		Debug|ARM = Debug|ARM
		Debug|iPhone = Debug|iPhone
		Debug|iPhoneSimulator = Debug|iPhoneSimulator
		Debug|x64 = Debug|x64
		Debug|x86 = Debug|x86
		Release|Any CPU = Release|Any CPU
		Release|ARM = Release|ARM
		Release|iPhone = Release|iPhone
		Release|iPhoneSimulator = Release|iPhoneSimulator
		Release|x64 = Release|x64
		Release|x86 = Release|x86
	EndGlobalSection
	GlobalSection(ProjectConfigurationPlatforms) = postSolution
		{2D7AC248-6DEC-42D3-8B52-62FB84B83500}.Ad-Hoc|Any CPU.ActiveCfg = Debug|Any CPU
		{2D7AC248-6DEC-42D3-8B52-62FB84B83500}.Ad-Hoc|Any CPU.Build.0 = Debug|Any CPU
		{2D7AC248-6DEC-42D3-8B52-62FB84B83500}.Ad-Hoc|ARM.ActiveCfg = Debug|Any CPU
		{2D7AC248-6DEC-42D3-8B52-62FB84B83500}.Ad-Hoc|ARM.Build.0 = Debug|Any CPU
		{2D7AC248-6DEC-42D3-8B52-62FB84B83500}.Ad-Hoc|iPhone.ActiveCfg = Debug|Any CPU
		{2D7AC248-6DEC-42D3-8B52-62FB84B83500}.Ad-Hoc|iPhone.Build.0 = Debug|Any CPU
		{2D7AC248-6DEC-42D3-8B52-62FB84B83500}.Ad-Hoc|iPhoneSimulator.ActiveCfg = Debug|Any CPU
		{2D7AC248-6DEC-42D3-8B52-62FB84B83500}.Ad-Hoc|iPhoneSimulator.Build.0 = Debug|Any CPU
		{2D7AC248-6DEC-42D3-8B52-62FB84B83500}.Ad-Hoc|x64.ActiveCfg = Debug|Any CPU
		{2D7AC248-6DEC-42D3-8B52-62FB84B83500}.Ad-Hoc|x64.Build.0 = Debug|Any CPU
		{2D7AC248-6DEC-42D3-8B52-62FB84B83500}.Ad-Hoc|x86.ActiveCfg = Debug|Any CPU
		{2D7AC248-6DEC-42D3-8B52-62FB84B83500}.Ad-Hoc|x86.Build.0 = Debug|Any CPU
		{2D7AC248-6DEC-42D3-8B52-62FB84B83500}.AppStore|Any CPU.ActiveCfg = Debug|Any CPU
		{2D7AC248-6DEC-42D3-8B52-62FB84B83500}.AppStore|Any CPU.Build.0 = Debug|Any CPU
		{2D7AC248-6DEC-42D3-8B52-62FB84B83500}.AppStore|ARM.ActiveCfg = Debug|Any CPU
		{2D7AC248-6DEC-42D3-8B52-62FB84B83500}.AppStore|ARM.Build.0 = Debug|Any CPU
		{2D7AC248-6DEC-42D3-8B52-62FB84B83500}.AppStore|iPhone.ActiveCfg = Debug|Any CPU
		{2D7AC248-6DEC-42D3-8B52-62FB84B83500}.AppStore|iPhone.Build.0 = Debug|Any CPU
		{2D7AC248-6DEC-42D3-8B52-62FB84B83500}.AppStore|iPhoneSimulator.ActiveCfg = Debug|Any CPU
		{2D7AC248-6DEC-42D3-8B52-62FB84B83500}.AppStore|iPhoneSimulator.Build.0 = Debug|Any CPU
		{2D7AC248-6DEC-42D3-8B52-62FB84B83500}.AppStore|x64.ActiveCfg = Debug|Any CPU
		{2D7AC248-6DEC-42D3-8B52-62FB84B83500}.AppStore|x64.Build.0 = Debug|Any CPU
		{2D7AC248-6DEC-42D3-8B52-62FB84B83500}.AppStore|x86.ActiveCfg = Debug|Any CPU
		{2D7AC248-6DEC-42D3-8B52-62FB84B83500}.AppStore|x86.Build.0 = Debug|Any CPU
		{2D7AC248-6DEC-42D3-8B52-62FB84B83500}.Debug|Any CPU.ActiveCfg = Debug|Any CPU
		{2D7AC248-6DEC-42D3-8B52-62FB84B83500}.Debug|Any CPU.Build.0 = Debug|Any CPU
		{2D7AC248-6DEC-42D3-8B52-62FB84B83500}.Debug|ARM.ActiveCfg = Debug|Any CPU
		{2D7AC248-6DEC-42D3-8B52-62FB84B83500}.Debug|ARM.Build.0 = Debug|Any CPU
		{2D7AC248-6DEC-42D3-8B52-62FB84B83500}.Debug|iPhone.ActiveCfg = Debug|Any CPU
		{2D7AC248-6DEC-42D3-8B52-62FB84B83500}.Debug|iPhone.Build.0 = Debug|Any CPU
		{2D7AC248-6DEC-42D3-8B52-62FB84B83500}.Debug|iPhoneSimulator.ActiveCfg = Debug|Any CPU
		{2D7AC248-6DEC-42D3-8B52-62FB84B83500}.Debug|iPhoneSimulator.Build.0 = Debug|Any CPU
		{2D7AC248-6DEC-42D3-8B52-62FB84B83500}.Debug|x64.ActiveCfg = Debug|Any CPU
		{2D7AC248-6DEC-42D3-8B52-62FB84B83500}.Debug|x64.Build.0 = Debug|Any CPU
		{2D7AC248-6DEC-42D3-8B52-62FB84B83500}.Debug|x86.ActiveCfg = Debug|Any CPU
		{2D7AC248-6DEC-42D3-8B52-62FB84B83500}.Debug|x86.Build.0 = Debug|Any CPU
		{2D7AC248-6DEC-42D3-8B52-62FB84B83500}.Release|Any CPU.ActiveCfg = Release|Any CPU
		{2D7AC248-6DEC-42D3-8B52-62FB84B83500}.Release|Any CPU.Build.0 = Release|Any CPU
		{2D7AC248-6DEC-42D3-8B52-62FB84B83500}.Release|ARM.ActiveCfg = Release|Any CPU
		{2D7AC248-6DEC-42D3-8B52-62FB84B83500}.Release|ARM.Build.0 = Release|Any CPU
		{2D7AC248-6DEC-42D3-8B52-62FB84B83500}.Release|iPhone.ActiveCfg = Release|Any CPU
		{2D7AC248-6DEC-42D3-8B52-62FB84B83500}.Release|iPhone.Build.0 = Release|Any CPU
		{2D7AC248-6DEC-42D3-8B52-62FB84B83500}.Release|iPhoneSimulator.ActiveCfg = Release|Any CPU
		{2D7AC248-6DEC-42D3-8B52-62FB84B83500}.Release|iPhoneSimulator.Build.0 = Release|Any CPU
		{2D7AC248-6DEC-42D3-8B52-62FB84B83500}.Release|x64.ActiveCfg = Release|Any CPU
		{2D7AC248-6DEC-42D3-8B52-62FB84B83500}.Release|x64.Build.0 = Release|Any CPU
		{2D7AC248-6DEC-42D3-8B52-62FB84B83500}.Release|x86.ActiveCfg = Release|Any CPU
		{2D7AC248-6DEC-42D3-8B52-62FB84B83500}.Release|x86.Build.0 = Release|Any CPU
		{6BB4C7D8-0ABE-4720-8115-49EF83F583B3}.Ad-Hoc|Any CPU.ActiveCfg = Release|Any CPU
		{6BB4C7D8-0ABE-4720-8115-49EF83F583B3}.Ad-Hoc|Any CPU.Build.0 = Release|Any CPU
		{6BB4C7D8-0ABE-4720-8115-49EF83F583B3}.Ad-Hoc|Any CPU.Deploy.0 = Release|Any CPU
		{6BB4C7D8-0ABE-4720-8115-49EF83F583B3}.Ad-Hoc|ARM.ActiveCfg = Release|Any CPU
		{6BB4C7D8-0ABE-4720-8115-49EF83F583B3}.Ad-Hoc|ARM.Build.0 = Release|Any CPU
		{6BB4C7D8-0ABE-4720-8115-49EF83F583B3}.Ad-Hoc|ARM.Deploy.0 = Release|Any CPU
		{6BB4C7D8-0ABE-4720-8115-49EF83F583B3}.Ad-Hoc|iPhone.ActiveCfg = Release|Any CPU
		{6BB4C7D8-0ABE-4720-8115-49EF83F583B3}.Ad-Hoc|iPhone.Build.0 = Release|Any CPU
		{6BB4C7D8-0ABE-4720-8115-49EF83F583B3}.Ad-Hoc|iPhone.Deploy.0 = Release|Any CPU
		{6BB4C7D8-0ABE-4720-8115-49EF83F583B3}.Ad-Hoc|iPhoneSimulator.ActiveCfg = Release|Any CPU
		{6BB4C7D8-0ABE-4720-8115-49EF83F583B3}.Ad-Hoc|iPhoneSimulator.Build.0 = Release|Any CPU
		{6BB4C7D8-0ABE-4720-8115-49EF83F583B3}.Ad-Hoc|iPhoneSimulator.Deploy.0 = Release|Any CPU
		{6BB4C7D8-0ABE-4720-8115-49EF83F583B3}.Ad-Hoc|x64.ActiveCfg = Release|Any CPU
		{6BB4C7D8-0ABE-4720-8115-49EF83F583B3}.Ad-Hoc|x64.Build.0 = Release|Any CPU
		{6BB4C7D8-0ABE-4720-8115-49EF83F583B3}.Ad-Hoc|x64.Deploy.0 = Release|Any CPU
		{6BB4C7D8-0ABE-4720-8115-49EF83F583B3}.Ad-Hoc|x86.ActiveCfg = Release|Any CPU
		{6BB4C7D8-0ABE-4720-8115-49EF83F583B3}.Ad-Hoc|x86.Build.0 = Release|Any CPU
		{6BB4C7D8-0ABE-4720-8115-49EF83F583B3}.Ad-Hoc|x86.Deploy.0 = Release|Any CPU
		{6BB4C7D8-0ABE-4720-8115-49EF83F583B3}.AppStore|Any CPU.ActiveCfg = Release|Any CPU
		{6BB4C7D8-0ABE-4720-8115-49EF83F583B3}.AppStore|Any CPU.Build.0 = Release|Any CPU
		{6BB4C7D8-0ABE-4720-8115-49EF83F583B3}.AppStore|Any CPU.Deploy.0 = Release|Any CPU
		{6BB4C7D8-0ABE-4720-8115-49EF83F583B3}.AppStore|ARM.ActiveCfg = Release|Any CPU
		{6BB4C7D8-0ABE-4720-8115-49EF83F583B3}.AppStore|ARM.Build.0 = Release|Any CPU
		{6BB4C7D8-0ABE-4720-8115-49EF83F583B3}.AppStore|ARM.Deploy.0 = Release|Any CPU
		{6BB4C7D8-0ABE-4720-8115-49EF83F583B3}.AppStore|iPhone.ActiveCfg = Release|Any CPU
		{6BB4C7D8-0ABE-4720-8115-49EF83F583B3}.AppStore|iPhone.Build.0 = Release|Any CPU
		{6BB4C7D8-0ABE-4720-8115-49EF83F583B3}.AppStore|iPhone.Deploy.0 = Release|Any CPU
		{6BB4C7D8-0ABE-4720-8115-49EF83F583B3}.AppStore|iPhoneSimulator.ActiveCfg = Release|Any CPU
		{6BB4C7D8-0ABE-4720-8115-49EF83F583B3}.AppStore|iPhoneSimulator.Build.0 = Release|Any CPU
		{6BB4C7D8-0ABE-4720-8115-49EF83F583B3}.AppStore|iPhoneSimulator.Deploy.0 = Release|Any CPU
		{6BB4C7D8-0ABE-4720-8115-49EF83F583B3}.AppStore|x64.ActiveCfg = Release|Any CPU
		{6BB4C7D8-0ABE-4720-8115-49EF83F583B3}.AppStore|x64.Build.0 = Release|Any CPU
		{6BB4C7D8-0ABE-4720-8115-49EF83F583B3}.AppStore|x64.Deploy.0 = Release|Any CPU
		{6BB4C7D8-0ABE-4720-8115-49EF83F583B3}.AppStore|x86.ActiveCfg = Release|Any CPU
		{6BB4C7D8-0ABE-4720-8115-49EF83F583B3}.AppStore|x86.Build.0 = Release|Any CPU
		{6BB4C7D8-0ABE-4720-8115-49EF83F583B3}.AppStore|x86.Deploy.0 = Release|Any CPU
		{6BB4C7D8-0ABE-4720-8115-49EF83F583B3}.Debug|Any CPU.ActiveCfg = Debug|Any CPU
		{6BB4C7D8-0ABE-4720-8115-49EF83F583B3}.Debug|Any CPU.Build.0 = Debug|Any CPU
		{6BB4C7D8-0ABE-4720-8115-49EF83F583B3}.Debug|Any CPU.Deploy.0 = Debug|Any CPU
		{6BB4C7D8-0ABE-4720-8115-49EF83F583B3}.Debug|ARM.ActiveCfg = Debug|Any CPU
		{6BB4C7D8-0ABE-4720-8115-49EF83F583B3}.Debug|ARM.Build.0 = Debug|Any CPU
		{6BB4C7D8-0ABE-4720-8115-49EF83F583B3}.Debug|ARM.Deploy.0 = Debug|Any CPU
		{6BB4C7D8-0ABE-4720-8115-49EF83F583B3}.Debug|iPhone.ActiveCfg = Debug|Any CPU
		{6BB4C7D8-0ABE-4720-8115-49EF83F583B3}.Debug|iPhone.Build.0 = Debug|Any CPU
		{6BB4C7D8-0ABE-4720-8115-49EF83F583B3}.Debug|iPhone.Deploy.0 = Debug|Any CPU
		{6BB4C7D8-0ABE-4720-8115-49EF83F583B3}.Debug|iPhoneSimulator.ActiveCfg = Debug|Any CPU
		{6BB4C7D8-0ABE-4720-8115-49EF83F583B3}.Debug|iPhoneSimulator.Build.0 = Debug|Any CPU
		{6BB4C7D8-0ABE-4720-8115-49EF83F583B3}.Debug|iPhoneSimulator.Deploy.0 = Debug|Any CPU
		{6BB4C7D8-0ABE-4720-8115-49EF83F583B3}.Debug|x64.ActiveCfg = Debug|Any CPU
		{6BB4C7D8-0ABE-4720-8115-49EF83F583B3}.Debug|x64.Build.0 = Debug|Any CPU
		{6BB4C7D8-0ABE-4720-8115-49EF83F583B3}.Debug|x64.Deploy.0 = Debug|Any CPU
		{6BB4C7D8-0ABE-4720-8115-49EF83F583B3}.Debug|x86.ActiveCfg = Debug|Any CPU
		{6BB4C7D8-0ABE-4720-8115-49EF83F583B3}.Debug|x86.Build.0 = Debug|Any CPU
		{6BB4C7D8-0ABE-4720-8115-49EF83F583B3}.Debug|x86.Deploy.0 = Debug|Any CPU
		{6BB4C7D8-0ABE-4720-8115-49EF83F583B3}.Release|Any CPU.ActiveCfg = Release|Any CPU
		{6BB4C7D8-0ABE-4720-8115-49EF83F583B3}.Release|Any CPU.Build.0 = Release|Any CPU
		{6BB4C7D8-0ABE-4720-8115-49EF83F583B3}.Release|Any CPU.Deploy.0 = Release|Any CPU
		{6BB4C7D8-0ABE-4720-8115-49EF83F583B3}.Release|ARM.ActiveCfg = Release|Any CPU
		{6BB4C7D8-0ABE-4720-8115-49EF83F583B3}.Release|ARM.Build.0 = Release|Any CPU
		{6BB4C7D8-0ABE-4720-8115-49EF83F583B3}.Release|ARM.Deploy.0 = Release|Any CPU
		{6BB4C7D8-0ABE-4720-8115-49EF83F583B3}.Release|iPhone.ActiveCfg = Release|Any CPU
		{6BB4C7D8-0ABE-4720-8115-49EF83F583B3}.Release|iPhone.Build.0 = Release|Any CPU
		{6BB4C7D8-0ABE-4720-8115-49EF83F583B3}.Release|iPhone.Deploy.0 = Release|Any CPU
		{6BB4C7D8-0ABE-4720-8115-49EF83F583B3}.Release|iPhoneSimulator.ActiveCfg = Release|Any CPU
		{6BB4C7D8-0ABE-4720-8115-49EF83F583B3}.Release|iPhoneSimulator.Build.0 = Release|Any CPU
		{6BB4C7D8-0ABE-4720-8115-49EF83F583B3}.Release|iPhoneSimulator.Deploy.0 = Release|Any CPU
		{6BB4C7D8-0ABE-4720-8115-49EF83F583B3}.Release|x64.ActiveCfg = Release|Any CPU
		{6BB4C7D8-0ABE-4720-8115-49EF83F583B3}.Release|x64.Build.0 = Release|Any CPU
		{6BB4C7D8-0ABE-4720-8115-49EF83F583B3}.Release|x64.Deploy.0 = Release|Any CPU
		{6BB4C7D8-0ABE-4720-8115-49EF83F583B3}.Release|x86.ActiveCfg = Release|Any CPU
		{6BB4C7D8-0ABE-4720-8115-49EF83F583B3}.Release|x86.Build.0 = Release|Any CPU
		{6BB4C7D8-0ABE-4720-8115-49EF83F583B3}.Release|x86.Deploy.0 = Release|Any CPU
		{AC2D29FC-CCBA-4413-904E-3447B22C201A}.Ad-Hoc|Any CPU.ActiveCfg = Ad-Hoc|iPhone
		{AC2D29FC-CCBA-4413-904E-3447B22C201A}.Ad-Hoc|ARM.ActiveCfg = Ad-Hoc|iPhone
		{AC2D29FC-CCBA-4413-904E-3447B22C201A}.Ad-Hoc|iPhone.ActiveCfg = Ad-Hoc|iPhone
		{AC2D29FC-CCBA-4413-904E-3447B22C201A}.Ad-Hoc|iPhone.Build.0 = Ad-Hoc|iPhone
		{AC2D29FC-CCBA-4413-904E-3447B22C201A}.Ad-Hoc|iPhoneSimulator.ActiveCfg = Ad-Hoc|iPhoneSimulator
		{AC2D29FC-CCBA-4413-904E-3447B22C201A}.Ad-Hoc|iPhoneSimulator.Build.0 = Ad-Hoc|iPhoneSimulator
		{AC2D29FC-CCBA-4413-904E-3447B22C201A}.Ad-Hoc|x64.ActiveCfg = Ad-Hoc|iPhone
		{AC2D29FC-CCBA-4413-904E-3447B22C201A}.Ad-Hoc|x86.ActiveCfg = Ad-Hoc|iPhone
		{AC2D29FC-CCBA-4413-904E-3447B22C201A}.AppStore|Any CPU.ActiveCfg = AppStore|iPhone
		{AC2D29FC-CCBA-4413-904E-3447B22C201A}.AppStore|ARM.ActiveCfg = AppStore|iPhone
		{AC2D29FC-CCBA-4413-904E-3447B22C201A}.AppStore|iPhone.ActiveCfg = AppStore|iPhone
		{AC2D29FC-CCBA-4413-904E-3447B22C201A}.AppStore|iPhone.Build.0 = AppStore|iPhone
		{AC2D29FC-CCBA-4413-904E-3447B22C201A}.AppStore|iPhoneSimulator.ActiveCfg = AppStore|iPhoneSimulator
		{AC2D29FC-CCBA-4413-904E-3447B22C201A}.AppStore|iPhoneSimulator.Build.0 = AppStore|iPhoneSimulator
		{AC2D29FC-CCBA-4413-904E-3447B22C201A}.AppStore|x64.ActiveCfg = AppStore|iPhone
		{AC2D29FC-CCBA-4413-904E-3447B22C201A}.AppStore|x86.ActiveCfg = AppStore|iPhone
		{AC2D29FC-CCBA-4413-904E-3447B22C201A}.Debug|Any CPU.ActiveCfg = Debug|iPhone
		{AC2D29FC-CCBA-4413-904E-3447B22C201A}.Debug|ARM.ActiveCfg = Debug|iPhone
		{AC2D29FC-CCBA-4413-904E-3447B22C201A}.Debug|iPhone.ActiveCfg = Debug|iPhone
		{AC2D29FC-CCBA-4413-904E-3447B22C201A}.Debug|iPhone.Build.0 = Debug|iPhone
		{AC2D29FC-CCBA-4413-904E-3447B22C201A}.Debug|iPhoneSimulator.ActiveCfg = Debug|iPhoneSimulator
		{AC2D29FC-CCBA-4413-904E-3447B22C201A}.Debug|iPhoneSimulator.Build.0 = Debug|iPhoneSimulator
		{AC2D29FC-CCBA-4413-904E-3447B22C201A}.Debug|x64.ActiveCfg = Debug|iPhone
		{AC2D29FC-CCBA-4413-904E-3447B22C201A}.Debug|x86.ActiveCfg = Debug|iPhone
		{AC2D29FC-CCBA-4413-904E-3447B22C201A}.Release|Any CPU.ActiveCfg = Release|iPhone
		{AC2D29FC-CCBA-4413-904E-3447B22C201A}.Release|ARM.ActiveCfg = Release|iPhone
		{AC2D29FC-CCBA-4413-904E-3447B22C201A}.Release|iPhone.ActiveCfg = Release|iPhone
		{AC2D29FC-CCBA-4413-904E-3447B22C201A}.Release|iPhone.Build.0 = Release|iPhone
		{AC2D29FC-CCBA-4413-904E-3447B22C201A}.Release|iPhoneSimulator.ActiveCfg = Release|iPhoneSimulator
		{AC2D29FC-CCBA-4413-904E-3447B22C201A}.Release|iPhoneSimulator.Build.0 = Release|iPhoneSimulator
		{AC2D29FC-CCBA-4413-904E-3447B22C201A}.Release|x64.ActiveCfg = Release|iPhone
		{AC2D29FC-CCBA-4413-904E-3447B22C201A}.Release|x86.ActiveCfg = Release|iPhone
		{29E3AE25-3FB6-48E4-9669-81B6DC8C2225}.Ad-Hoc|Any CPU.ActiveCfg = Release|x86
		{29E3AE25-3FB6-48E4-9669-81B6DC8C2225}.Ad-Hoc|Any CPU.Build.0 = Release|x86
		{29E3AE25-3FB6-48E4-9669-81B6DC8C2225}.Ad-Hoc|Any CPU.Deploy.0 = Release|x86
		{29E3AE25-3FB6-48E4-9669-81B6DC8C2225}.Ad-Hoc|ARM.ActiveCfg = Release|ARM
		{29E3AE25-3FB6-48E4-9669-81B6DC8C2225}.Ad-Hoc|ARM.Build.0 = Release|ARM
		{29E3AE25-3FB6-48E4-9669-81B6DC8C2225}.Ad-Hoc|ARM.Deploy.0 = Release|ARM
		{29E3AE25-3FB6-48E4-9669-81B6DC8C2225}.Ad-Hoc|iPhone.ActiveCfg = Release|x86
		{29E3AE25-3FB6-48E4-9669-81B6DC8C2225}.Ad-Hoc|iPhone.Build.0 = Release|x86
		{29E3AE25-3FB6-48E4-9669-81B6DC8C2225}.Ad-Hoc|iPhone.Deploy.0 = Release|x86
		{29E3AE25-3FB6-48E4-9669-81B6DC8C2225}.Ad-Hoc|iPhoneSimulator.ActiveCfg = Release|x86
		{29E3AE25-3FB6-48E4-9669-81B6DC8C2225}.Ad-Hoc|iPhoneSimulator.Build.0 = Release|x86
		{29E3AE25-3FB6-48E4-9669-81B6DC8C2225}.Ad-Hoc|iPhoneSimulator.Deploy.0 = Release|x86
		{29E3AE25-3FB6-48E4-9669-81B6DC8C2225}.Ad-Hoc|x64.ActiveCfg = Release|x64
		{29E3AE25-3FB6-48E4-9669-81B6DC8C2225}.Ad-Hoc|x64.Build.0 = Release|x64
		{29E3AE25-3FB6-48E4-9669-81B6DC8C2225}.Ad-Hoc|x64.Deploy.0 = Release|x64
		{29E3AE25-3FB6-48E4-9669-81B6DC8C2225}.Ad-Hoc|x86.ActiveCfg = Release|x86
		{29E3AE25-3FB6-48E4-9669-81B6DC8C2225}.Ad-Hoc|x86.Build.0 = Release|x86
		{29E3AE25-3FB6-48E4-9669-81B6DC8C2225}.Ad-Hoc|x86.Deploy.0 = Release|x86
		{29E3AE25-3FB6-48E4-9669-81B6DC8C2225}.AppStore|Any CPU.ActiveCfg = Release|x86
		{29E3AE25-3FB6-48E4-9669-81B6DC8C2225}.AppStore|Any CPU.Build.0 = Release|x86
		{29E3AE25-3FB6-48E4-9669-81B6DC8C2225}.AppStore|Any CPU.Deploy.0 = Release|x86
		{29E3AE25-3FB6-48E4-9669-81B6DC8C2225}.AppStore|ARM.ActiveCfg = Release|ARM
		{29E3AE25-3FB6-48E4-9669-81B6DC8C2225}.AppStore|ARM.Build.0 = Release|ARM
		{29E3AE25-3FB6-48E4-9669-81B6DC8C2225}.AppStore|ARM.Deploy.0 = Release|ARM
		{29E3AE25-3FB6-48E4-9669-81B6DC8C2225}.AppStore|iPhone.ActiveCfg = Release|x86
		{29E3AE25-3FB6-48E4-9669-81B6DC8C2225}.AppStore|iPhone.Build.0 = Release|x86
		{29E3AE25-3FB6-48E4-9669-81B6DC8C2225}.AppStore|iPhone.Deploy.0 = Release|x86
		{29E3AE25-3FB6-48E4-9669-81B6DC8C2225}.AppStore|iPhoneSimulator.ActiveCfg = Release|x86
		{29E3AE25-3FB6-48E4-9669-81B6DC8C2225}.AppStore|iPhoneSimulator.Build.0 = Release|x86
		{29E3AE25-3FB6-48E4-9669-81B6DC8C2225}.AppStore|iPhoneSimulator.Deploy.0 = Release|x86
		{29E3AE25-3FB6-48E4-9669-81B6DC8C2225}.AppStore|x64.ActiveCfg = Release|x64
		{29E3AE25-3FB6-48E4-9669-81B6DC8C2225}.AppStore|x64.Build.0 = Release|x64
		{29E3AE25-3FB6-48E4-9669-81B6DC8C2225}.AppStore|x64.Deploy.0 = Release|x64
		{29E3AE25-3FB6-48E4-9669-81B6DC8C2225}.AppStore|x86.ActiveCfg = Release|x86
		{29E3AE25-3FB6-48E4-9669-81B6DC8C2225}.AppStore|x86.Build.0 = Release|x86
		{29E3AE25-3FB6-48E4-9669-81B6DC8C2225}.AppStore|x86.Deploy.0 = Release|x86
		{29E3AE25-3FB6-48E4-9669-81B6DC8C2225}.Debug|Any CPU.ActiveCfg = Debug|x86
		{29E3AE25-3FB6-48E4-9669-81B6DC8C2225}.Debug|ARM.ActiveCfg = Debug|ARM
		{29E3AE25-3FB6-48E4-9669-81B6DC8C2225}.Debug|ARM.Build.0 = Debug|ARM
		{29E3AE25-3FB6-48E4-9669-81B6DC8C2225}.Debug|ARM.Deploy.0 = Debug|ARM
		{29E3AE25-3FB6-48E4-9669-81B6DC8C2225}.Debug|iPhone.ActiveCfg = Debug|x86
		{29E3AE25-3FB6-48E4-9669-81B6DC8C2225}.Debug|iPhoneSimulator.ActiveCfg = Debug|x86
		{29E3AE25-3FB6-48E4-9669-81B6DC8C2225}.Debug|x64.ActiveCfg = Debug|x64
		{29E3AE25-3FB6-48E4-9669-81B6DC8C2225}.Debug|x64.Build.0 = Debug|x64
		{29E3AE25-3FB6-48E4-9669-81B6DC8C2225}.Debug|x64.Deploy.0 = Debug|x64
		{29E3AE25-3FB6-48E4-9669-81B6DC8C2225}.Debug|x86.ActiveCfg = Debug|x86
		{29E3AE25-3FB6-48E4-9669-81B6DC8C2225}.Debug|x86.Build.0 = Debug|x86
		{29E3AE25-3FB6-48E4-9669-81B6DC8C2225}.Debug|x86.Deploy.0 = Debug|x86
		{29E3AE25-3FB6-48E4-9669-81B6DC8C2225}.Release|Any CPU.ActiveCfg = Release|x86
		{29E3AE25-3FB6-48E4-9669-81B6DC8C2225}.Release|ARM.ActiveCfg = Release|ARM
		{29E3AE25-3FB6-48E4-9669-81B6DC8C2225}.Release|ARM.Build.0 = Release|ARM
		{29E3AE25-3FB6-48E4-9669-81B6DC8C2225}.Release|ARM.Deploy.0 = Release|ARM
		{29E3AE25-3FB6-48E4-9669-81B6DC8C2225}.Release|iPhone.ActiveCfg = Release|x86
		{29E3AE25-3FB6-48E4-9669-81B6DC8C2225}.Release|iPhoneSimulator.ActiveCfg = Release|x86
		{29E3AE25-3FB6-48E4-9669-81B6DC8C2225}.Release|x64.ActiveCfg = Release|x64
		{29E3AE25-3FB6-48E4-9669-81B6DC8C2225}.Release|x64.Build.0 = Release|x64
		{29E3AE25-3FB6-48E4-9669-81B6DC8C2225}.Release|x64.Deploy.0 = Release|x64
		{29E3AE25-3FB6-48E4-9669-81B6DC8C2225}.Release|x86.ActiveCfg = Release|x86
		{29E3AE25-3FB6-48E4-9669-81B6DC8C2225}.Release|x86.Build.0 = Release|x86
		{29E3AE25-3FB6-48E4-9669-81B6DC8C2225}.Release|x86.Deploy.0 = Release|x86
	EndGlobalSection
	GlobalSection(SolutionProperties) = preSolution
		HideSolutionNode = FALSE
	EndGlobalSection
	GlobalSection(ExtensibilityGlobals) = postSolution
		SolutionGuid = {4BC0A206-1352-4D24-8036-3C78843AB183}
	EndGlobalSection
EndGlobal
